// !$*UTF8*$!
{
	archiveVersion = 1;
	classes = {
	};
	objectVersion = 46;
	objects = {

/* Begin PBXBuildFile section */
		8B0743281550AD530099C41A /* README.md in Resources */ = {isa = PBXBuildFile; fileRef = 8B07431A1550AD530099C41A /* README.md */; };
		8B0743291550AD530099C41A /* background-pixellated.png in Resources */ = {isa = PBXBuildFile; fileRef = 8B07431D1550AD530099C41A /* background-pixellated.png */; };
		8B07432A1550AD530099C41A /* background.png in Resources */ = {isa = PBXBuildFile; fileRef = 8B07431E1550AD530099C41A /* background.png */; };
		8B07432B1550AD530099C41A /* grass.png in Resources */ = {isa = PBXBuildFile; fileRef = 8B07431F1550AD530099C41A /* grass.png */; };
		8B07432C1550AD530099C41A /* red-0-0.png in Resources */ = {isa = PBXBuildFile; fileRef = 8B0743201550AD530099C41A /* red-0-0.png */; };
		8B07432D1550AD530099C41A /* red-0-1.png in Resources */ = {isa = PBXBuildFile; fileRef = 8B0743211550AD530099C41A /* red-0-1.png */; };
		8B07432E1550AD530099C41A /* red-0-2.png in Resources */ = {isa = PBXBuildFile; fileRef = 8B0743221550AD530099C41A /* red-0-2.png */; };
		8B0743361550ADC40099C41A /* AppDelegate.m in Sources */ = {isa = PBXBuildFile; fileRef = 8B0743311550ADC40099C41A /* AppDelegate.m */; };
		8B0743371550ADC40099C41A /* main.m in Sources */ = {isa = PBXBuildFile; fileRef = 8B0743321550ADC40099C41A /* main.m */; };
		8B0743381550ADC40099C41A /* ViewController.m in Sources */ = {isa = PBXBuildFile; fileRef = 8B0743351550ADC40099C41A /* ViewController.m */; };
		8B07433B1550AE660099C41A /* SceneObject.m in Sources */ = {isa = PBXBuildFile; fileRef = 8B07433A1550AE660099C41A /* SceneObject.m */; };
		8BB3C5BB153E342F006894C8 /* QuartzCore.framework in Frameworks */ = {isa = PBXBuildFile; fileRef = 8BB3C5BA153E342F006894C8 /* QuartzCore.framework */; };
		8BB86E6415631143007705A5 /* UIViewController+SQ.m in Sources */ = {isa = PBXBuildFile; fileRef = 8BB86E6315631143007705A5 /* UIViewController+SQ.m */; };
		8BB86E6715631435007705A5 /* CG_utils.m in Sources */ = {isa = PBXBuildFile; fileRef = 8BB86E6615631435007705A5 /* CG_utils.m */; };
		8BEB9E8D1559EBD700E61BF3 /* Hero.m in Sources */ = {isa = PBXBuildFile; fileRef = 8BEB9E8C1559EBD700E61BF3 /* Hero.m */; };
		B1816CAF152BBD340082393F /* UIKit.framework in Frameworks */ = {isa = PBXBuildFile; fileRef = B1816CAE152BBD340082393F /* UIKit.framework */; };
		B1816CB1152BBD340082393F /* Foundation.framework in Frameworks */ = {isa = PBXBuildFile; fileRef = B1816CB0152BBD340082393F /* Foundation.framework */; };
		B1816CB3152BBD340082393F /* CoreGraphics.framework in Frameworks */ = {isa = PBXBuildFile; fileRef = B1816CB2152BBD340082393F /* CoreGraphics.framework */; };
/* End PBXBuildFile section */

/* Begin PBXFileReference section */
		8B0743161550ACDA0099C41A /* SanityQuest-Info.plist */ = {isa = PBXFileReference; lastKnownFileType = text.plist.xml; path = "SanityQuest-Info.plist"; sourceTree = "<group>"; };
		8B07431A1550AD530099C41A /* README.md */ = {isa = PBXFileReference; fileEncoding = 4; lastKnownFileType = text; path = README.md; sourceTree = "<group>"; };
		8B07431D1550AD530099C41A /* background-pixellated.png */ = {isa = PBXFileReference; lastKnownFileType = image.png; path = "background-pixellated.png"; sourceTree = "<group>"; };
		8B07431E1550AD530099C41A /* background.png */ = {isa = PBXFileReference; lastKnownFileType = image.png; path = background.png; sourceTree = "<group>"; };
		8B07431F1550AD530099C41A /* grass.png */ = {isa = PBXFileReference; lastKnownFileType = image.png; path = grass.png; sourceTree = "<group>"; };
		8B0743201550AD530099C41A /* red-0-0.png */ = {isa = PBXFileReference; lastKnownFileType = image.png; path = "red-0-0.png"; sourceTree = "<group>"; };
		8B0743211550AD530099C41A /* red-0-1.png */ = {isa = PBXFileReference; lastKnownFileType = image.png; path = "red-0-1.png"; sourceTree = "<group>"; };
		8B0743221550AD530099C41A /* red-0-2.png */ = {isa = PBXFileReference; lastKnownFileType = image.png; path = "red-0-2.png"; sourceTree = "<group>"; };
		8B0743301550ADC40099C41A /* AppDelegate.h */ = {isa = PBXFileReference; fileEncoding = 4; lastKnownFileType = sourcecode.c.h; path = AppDelegate.h; sourceTree = "<group>"; };
		8B0743311550ADC40099C41A /* AppDelegate.m */ = {isa = PBXFileReference; fileEncoding = 4; lastKnownFileType = sourcecode.c.objc; path = AppDelegate.m; sourceTree = "<group>"; };
		8B0743321550ADC40099C41A /* main.m */ = {isa = PBXFileReference; fileEncoding = 4; lastKnownFileType = sourcecode.c.objc; path = main.m; sourceTree = "<group>"; };
		8B0743331550ADC40099C41A /* SanityQuest-Prefix.pch */ = {isa = PBXFileReference; fileEncoding = 4; lastKnownFileType = sourcecode.c.h; path = "SanityQuest-Prefix.pch"; sourceTree = "<group>"; };
		8B0743341550ADC40099C41A /* ViewController.h */ = {isa = PBXFileReference; fileEncoding = 4; lastKnownFileType = sourcecode.c.h; path = ViewController.h; sourceTree = "<group>"; };
		8B0743351550ADC40099C41A /* ViewController.m */ = {isa = PBXFileReference; fileEncoding = 4; lastKnownFileType = sourcecode.c.objc; path = ViewController.m; sourceTree = "<group>"; };
		8B0743391550AE660099C41A /* SceneObject.h */ = {isa = PBXFileReference; fileEncoding = 4; lastKnownFileType = sourcecode.c.h; path = SceneObject.h; sourceTree = "<group>"; };
		8B07433A1550AE660099C41A /* SceneObject.m */ = {isa = PBXFileReference; fileEncoding = 4; lastKnownFileType = sourcecode.c.objc; path = SceneObject.m; sourceTree = "<group>"; };
		8BB3C5BA153E342F006894C8 /* QuartzCore.framework */ = {isa = PBXFileReference; lastKnownFileType = wrapper.framework; name = QuartzCore.framework; path = System/Library/Frameworks/QuartzCore.framework; sourceTree = SDKROOT; };
		8BB86E6215631143007705A5 /* UIViewController+SQ.h */ = {isa = PBXFileReference; fileEncoding = 4; lastKnownFileType = sourcecode.c.h; path = "UIViewController+SQ.h"; sourceTree = "<group>"; };
		8BB86E6315631143007705A5 /* UIViewController+SQ.m */ = {isa = PBXFileReference; fileEncoding = 4; lastKnownFileType = sourcecode.c.objc; path = "UIViewController+SQ.m"; sourceTree = "<group>"; };
		8BB86E6515631435007705A5 /* CG_utils.h */ = {isa = PBXFileReference; fileEncoding = 4; lastKnownFileType = sourcecode.c.h; path = CG_utils.h; sourceTree = "<group>"; };
		8BB86E6615631435007705A5 /* CG_utils.m */ = {isa = PBXFileReference; fileEncoding = 4; lastKnownFileType = sourcecode.c.objc; path = CG_utils.m; sourceTree = "<group>"; };
		8BEB9E8B1559EBD700E61BF3 /* Hero.h */ = {isa = PBXFileReference; fileEncoding = 4; lastKnownFileType = sourcecode.c.h; path = Hero.h; sourceTree = "<group>"; };
		8BEB9E8C1559EBD700E61BF3 /* Hero.m */ = {isa = PBXFileReference; fileEncoding = 4; lastKnownFileType = sourcecode.c.objc; path = Hero.m; sourceTree = "<group>"; };
		B1816CAA152BBD340082393F /* SanityQuest.app */ = {isa = PBXFileReference; explicitFileType = wrapper.application; includeInIndex = 0; path = SanityQuest.app; sourceTree = BUILT_PRODUCTS_DIR; };
		B1816CAE152BBD340082393F /* UIKit.framework */ = {isa = PBXFileReference; lastKnownFileType = wrapper.framework; name = UIKit.framework; path = System/Library/Frameworks/UIKit.framework; sourceTree = SDKROOT; };
		B1816CB0152BBD340082393F /* Foundation.framework */ = {isa = PBXFileReference; lastKnownFileType = wrapper.framework; name = Foundation.framework; path = System/Library/Frameworks/Foundation.framework; sourceTree = SDKROOT; };
		B1816CB2152BBD340082393F /* CoreGraphics.framework */ = {isa = PBXFileReference; lastKnownFileType = wrapper.framework; name = CoreGraphics.framework; path = System/Library/Frameworks/CoreGraphics.framework; sourceTree = SDKROOT; };
/* End PBXFileReference section */

/* Begin PBXFrameworksBuildPhase section */
		B1816CA7152BBD340082393F /* Frameworks */ = {
			isa = PBXFrameworksBuildPhase;
			buildActionMask = 2147483647;
			files = (
				8BB3C5BB153E342F006894C8 /* QuartzCore.framework in Frameworks */,
				B1816CAF152BBD340082393F /* UIKit.framework in Frameworks */,
				B1816CB1152BBD340082393F /* Foundation.framework in Frameworks */,
				B1816CB3152BBD340082393F /* CoreGraphics.framework in Frameworks */,
			);
			runOnlyForDeploymentPostprocessing = 0;
		};
/* End PBXFrameworksBuildPhase section */

/* Begin PBXGroup section */
		8B07431B1550AD530099C41A /* res */ = {
			isa = PBXGroup;
			children = (
				8B07431C1550AD530099C41A /* image */,
			);
			path = res;
			sourceTree = "<group>";
		};
		8B07431C1550AD530099C41A /* image */ = {
			isa = PBXGroup;
			children = (
				8B07431D1550AD530099C41A /* background-pixellated.png */,
				8B07431E1550AD530099C41A /* background.png */,
				8B07431F1550AD530099C41A /* grass.png */,
				8B0743201550AD530099C41A /* red-0-0.png */,
				8B0743211550AD530099C41A /* red-0-1.png */,
				8B0743221550AD530099C41A /* red-0-2.png */,
			);
			path = image;
			sourceTree = "<group>";
		};
		8B07432F1550ADC40099C41A /* source */ = {
			isa = PBXGroup;
			children = (
				8B0743301550ADC40099C41A /* AppDelegate.h */,
				8B0743311550ADC40099C41A /* AppDelegate.m */,
				8B0743321550ADC40099C41A /* main.m */,
				8B0743331550ADC40099C41A /* SanityQuest-Prefix.pch */,
				8BB86E6015631123007705A5 /* UIKit */,
				8B0743341550ADC40099C41A /* ViewController.h */,
				8B0743351550ADC40099C41A /* ViewController.m */,
				8B0743391550AE660099C41A /* SceneObject.h */,
				8B07433A1550AE660099C41A /* SceneObject.m */,
				8BEB9E8B1559EBD700E61BF3 /* Hero.h */,
				8BEB9E8C1559EBD700E61BF3 /* Hero.m */,
				8BB86E6515631435007705A5 /* CG_utils.h */,
				8BB86E6615631435007705A5 /* CG_utils.m */,
			);
			path = source;
			sourceTree = "<group>";
		};
		8BB86E6015631123007705A5 /* UIKit */ = {
			isa = PBXGroup;
			children = (
				8BB86E6215631143007705A5 /* UIViewController+SQ.h */,
				8BB86E6315631143007705A5 /* UIViewController+SQ.m */,
			);
			path = UIKit;
			sourceTree = "<group>";
		};
		B1816C9F152BBD340082393F = {
			isa = PBXGroup;
			children = (
				8B07431A1550AD530099C41A /* README.md */,
				8B07431B1550AD530099C41A /* res */,
				8B07432F1550ADC40099C41A /* source */,
				8B0743161550ACDA0099C41A /* SanityQuest-Info.plist */,
				B1816CAD152BBD340082393F /* Frameworks */,
				B1816CAB152BBD340082393F /* Products */,
			);
			sourceTree = "<group>";
		};
		B1816CAB152BBD340082393F /* Products */ = {
			isa = PBXGroup;
			children = (
				B1816CAA152BBD340082393F /* SanityQuest.app */,
			);
			name = Products;
			sourceTree = "<group>";
		};
		B1816CAD152BBD340082393F /* Frameworks */ = {
			isa = PBXGroup;
			children = (
				8BB3C5BA153E342F006894C8 /* QuartzCore.framework */,
				B1816CAE152BBD340082393F /* UIKit.framework */,
				B1816CB0152BBD340082393F /* Foundation.framework */,
				B1816CB2152BBD340082393F /* CoreGraphics.framework */,
			);
			name = Frameworks;
			sourceTree = "<group>";
		};
/* End PBXGroup section */

/* Begin PBXNativeTarget section */
		B1816CA9152BBD340082393F /* SanityQuest */ = {
			isa = PBXNativeTarget;
			buildConfigurationList = B1816CCB152BBD340082393F /* Build configuration list for PBXNativeTarget "SanityQuest" */;
			buildPhases = (
				B1816CA6152BBD340082393F /* Sources */,
				B1816CA7152BBD340082393F /* Frameworks */,
				B1816CA8152BBD340082393F /* Resources */,
			);
			buildRules = (
			);
			dependencies = (
			);
			name = SanityQuest;
			productName = Grids;
			productReference = B1816CAA152BBD340082393F /* SanityQuest.app */;
			productType = "com.apple.product-type.application";
		};
/* End PBXNativeTarget section */

/* Begin PBXProject section */
		B1816CA1152BBD340082393F /* Project object */ = {
			isa = PBXProject;
			attributes = {
				LastUpgradeCheck = 0430;
			};
			buildConfigurationList = B1816CA4152BBD340082393F /* Build configuration list for PBXProject "SanityQuest" */;
			compatibilityVersion = "Xcode 3.2";
			developmentRegion = English;
			hasScannedForEncodings = 0;
			knownRegions = (
				en,
			);
			mainGroup = B1816C9F152BBD340082393F;
			productRefGroup = B1816CAB152BBD340082393F /* Products */;
			projectDirPath = "";
			projectRoot = "";
			targets = (
				B1816CA9152BBD340082393F /* SanityQuest */,
			);
		};
/* End PBXProject section */

/* Begin PBXResourcesBuildPhase section */
		B1816CA8152BBD340082393F /* Resources */ = {
			isa = PBXResourcesBuildPhase;
			buildActionMask = 2147483647;
			files = (
				8B0743281550AD530099C41A /* README.md in Resources */,
				8B0743291550AD530099C41A /* background-pixellated.png in Resources */,
				8B07432A1550AD530099C41A /* background.png in Resources */,
				8B07432B1550AD530099C41A /* grass.png in Resources */,
				8B07432C1550AD530099C41A /* red-0-0.png in Resources */,
				8B07432D1550AD530099C41A /* red-0-1.png in Resources */,
				8B07432E1550AD530099C41A /* red-0-2.png in Resources */,
			);
			runOnlyForDeploymentPostprocessing = 0;
		};
/* End PBXResourcesBuildPhase section */

/* Begin PBXSourcesBuildPhase section */
		B1816CA6152BBD340082393F /* Sources */ = {
			isa = PBXSourcesBuildPhase;
			buildActionMask = 2147483647;
			files = (
				8B0743361550ADC40099C41A /* AppDelegate.m in Sources */,
				8B0743371550ADC40099C41A /* main.m in Sources */,
				8B0743381550ADC40099C41A /* ViewController.m in Sources */,
				8B07433B1550AE660099C41A /* SceneObject.m in Sources */,
				8BEB9E8D1559EBD700E61BF3 /* Hero.m in Sources */,
				8BB86E6415631143007705A5 /* UIViewController+SQ.m in Sources */,
				8BB86E6715631435007705A5 /* CG_utils.m in Sources */,
			);
			runOnlyForDeploymentPostprocessing = 0;
		};
/* End PBXSourcesBuildPhase section */

/* Begin XCBuildConfiguration section */
		B1816CC9152BBD340082393F /* Debug */ = {
			isa = XCBuildConfiguration;
			buildSettings = {
				ALWAYS_SEARCH_USER_PATHS = NO;
				ARCHS = "$(ARCHS_STANDARD_32_BIT)";
				CLANG_ENABLE_OBJC_ARC = YES;
				"CODE_SIGN_IDENTITY[sdk=iphoneos*]" = "iPhone Developer";
				COPY_PHASE_STRIP = NO;
				GCC_DYNAMIC_NO_PIC = NO;
				GCC_OPTIMIZATION_LEVEL = 0;
				GCC_PREPROCESSOR_DEFINITIONS = (
					"DEBUG=1",
					"$(inherited)",
				);
				GCC_SYMBOLS_PRIVATE_EXTERN = NO;
				GCC_WARN_ABOUT_RETURN_TYPE = YES;
				GCC_WARN_UNINITIALIZED_AUTOS = YES;
				GCC_WARN_UNUSED_VARIABLE = YES;
				SDKROOT = iphoneos;
				TARGETED_DEVICE_FAMILY = "1,2";
			};
			name = Debug;
		};
		B1816CCA152BBD340082393F /* Release */ = {
			isa = XCBuildConfiguration;
			buildSettings = {
				ALWAYS_SEARCH_USER_PATHS = NO;
				ARCHS = "$(ARCHS_STANDARD_32_BIT)";
				CLANG_ENABLE_OBJC_ARC = YES;
				"CODE_SIGN_IDENTITY[sdk=iphoneos*]" = "iPhone Developer";
				COPY_PHASE_STRIP = YES;
				GCC_WARN_ABOUT_RETURN_TYPE = YES;
				GCC_WARN_UNINITIALIZED_AUTOS = YES;
				GCC_WARN_UNUSED_VARIABLE = YES;
				OTHER_CFLAGS = "-DNS_BLOCK_ASSERTIONS=1";
				SDKROOT = iphoneos;
				TARGETED_DEVICE_FAMILY = "1,2";
				VALIDATE_PRODUCT = YES;
			};
			name = Release;
		};
		B1816CCC152BBD340082393F /* Debug */ = {
			isa = XCBuildConfiguration;
			buildSettings = {
				GCC_PRECOMPILE_PREFIX_HEADER = YES;
				GCC_PREFIX_HEADER = "source/SanityQuest-Prefix.pch";
				INFOPLIST_FILE = "SanityQuest-Info.plist";
				PRODUCT_NAME = SanityQuest;
				WRAPPER_EXTENSION = app;
			};
			name = Debug;
		};
		B1816CCD152BBD340082393F /* Release */ = {
			isa = XCBuildConfiguration;
			buildSettings = {
				GCC_PRECOMPILE_PREFIX_HEADER = YES;
				GCC_PREFIX_HEADER = "source/SanityQuest-Prefix.pch";
				INFOPLIST_FILE = "SanityQuest-Info.plist";
				PRODUCT_NAME = SanityQuest;
				WRAPPER_EXTENSION = app;
			};
			name = Release;
		};
/* End XCBuildConfiguration section */

/* Begin XCConfigurationList section */
		B1816CA4152BBD340082393F /* Build configuration list for PBXProject "SanityQuest" */ = {
			isa = XCConfigurationList;
			buildConfigurations = (
				B1816CC9152BBD340082393F /* Debug */,
				B1816CCA152BBD340082393F /* Release */,
			);
			defaultConfigurationIsVisible = 0;
			defaultConfigurationName = Release;
		};
		B1816CCB152BBD340082393F /* Build configuration list for PBXNativeTarget "SanityQuest" */ = {
			isa = XCConfigurationList;
			buildConfigurations = (
				B1816CCC152BBD340082393F /* Debug */,
				B1816CCD152BBD340082393F /* Release */,
			);
			defaultConfigurationIsVisible = 0;
			defaultConfigurationName = Release;
		};
/* End XCConfigurationList section */
	};
	rootObject = B1816CA1152BBD340082393F /* Project object */;
}
